
Microsoft Visual Studio Solution File, Format Version 12.00
# Visual Studio 15
VisualStudioVersion = 15.0.28307.852
MinimumVisualStudioVersion = 10.0.40219.1
Project("{FAE04EC0-301F-11D3-BF4B-00C04F79EFBC}") = "Wungle", "Wungle\Wungle.csproj", "{3FCD9C9E-CDDB-4810-B387-11D2473403A5}"
EndProject
Global
	GlobalSection(SolutionConfigurationPlatforms) = preSolution
		Debug|Any CPU = Debug|Any CPU
		Release|Any CPU = Release|Any CPU
	EndGlobalSection
	GlobalSection(ProjectConfigurationPlatforms) = postSolution
		{3FCD9C9E-CDDB-4810-B387-11D2473403A5}.Debug|Any CPU.ActiveCfg = Debug|Any CPU
		{3FCD9C9E-CDDB-4810-B387-11D2473403A5}.Debug|Any CPU.Build.0 = Debug|Any CPU
		{3FCD9C9E-CDDB-4810-B387-11D2473403A5}.Release|Any CPU.ActiveCfg = Release|Any CPU
		{3FCD9C9E-CDDB-4810-B387-11D2473403A5}.Release|Any CPU.Build.0 = Release|Any CPU
	EndGlobalSection
	GlobalSection(SolutionProperties) = preSolution
		HideSolutionNode = FALSE
	EndGlobalSection
	GlobalSection(ExtensibilityGlobals) = postSolution
		SolutionGuid = {692878FA-D297-4911-89C6-A4DE57164725}
	EndGlobalSection
EndGlobal
